[{<<"cowboy">>,
  {git,"https://github.com/ninenines/cowboy",
       {ref,"5ff3fdd91e20a137b6378c7271826c1d94d4e3d2"}},
  0},
 {<<"cowlib">>,
  {git,"git://github.com/ninenines/cowlib.git",
       {ref,"d544a494af4dbc810fc9c15eaf5cc050cced1501"}},
  1},
 {<<"goldrush">>,
  {git,"git://github.com/DeadZen/goldrush.git",
       {ref,"212299233c7e7eb63a97be2777e1c05ebaa58dbe"}},
  1},
 {<<"jiffy">>,
  {git,"https://github.com/davisp/jiffy",
       {ref,"06aaf440e091c9fd5f8aea557ac760a33bd37130"}},
  0},
 {<<"lager">>,
  {git,"https://github.com/erlang-lager/lager.git",
       {ref,"bce5504a955e52be8d5cf4b3c6b1fcd898ab5756"}},
  0},
 {<<"prometheus">>,
  {git,"https://github.com/deadtrickster/prometheus.erl.git",
       {ref,"7e98c67ca95fa4f1fd1bdc81f75df2cabdbc36fa"}},
  0},
 {<<"ranch">>,
  {git,"git://github.com/ninenines/ranch.git",
       {ref,"adf1822defc2b7cfdc7aca112adabfa1d614043c"}},
  1},
 {<<"reunion">>,
  {git,"https://github.com/snar/reunion",
       {ref,"84e3627c2df2f5f19a7f1fa6850e6f431762f36b"}},
  0}].
